# THIS IS AN AUTOGENERATED FILE. DO NOT EDIT THIS FILE DIRECTLY.
# yarn lockfile v1


array.dedup@*:
  version "0.0.2"
  resolved "https://registry.yarnpkg.com/array.dedup/-/array.dedup-0.0.2.tgz#24c82d0b8297f17211d56bb97a8ab14773043f9c"
  integrity sha512-f3wen2zEsoH0HzvpFXkORzLCyNzmeXuyrVqbqphh0ORMqF7x1cyunY4R2IGViMqr7cP/z2Fkf9Y+NWXnhwNX1g==

array.merge@*:
  version "0.1.2"
  resolved "https://registry.yarnpkg.com/array.merge/-/array.merge-0.1.2.tgz#9225ccc78b854f5f49a7eaece4cd4045228ce24f"
  integrity sha512-c8omd5Rxj1xckTlzXIMyL2ULrVQQExuU7WitZU48UWMqaIjx+jX/Zdl95AP1OxDPhUjBpK46G+mQW+70wfLYxg==
  dependencies:
    get-object-value "*"
    reshow-constant "*"

call-func@*:
  version "0.2.1"
  resolved "https://registry.yarnpkg.com/call-func/-/call-func-0.2.1.tgz#62d3e105d781626b01488f1f7cc07fa57b60fb39"
  integrity sha512-7dFY9i0nTEvu6XQCg4M2Kq8JV2Xng/dr7CXD/qdUxC0hxNh6pLs11Y3MpzPSCPKdRWiKuzD6sWpfWWEGVK5o1g==
  dependencies:
    css-query-selector "*"
    get-object-value "*"
    reshow-constant "*"

class-lib@*:
  version "0.0.13"
  resolved "https://registry.yarnpkg.com/class-lib/-/class-lib-0.0.13.tgz#5fbbd592c12e654ead69b1508766010e298b3d48"
  integrity sha512-IDFylcm1XABwotJmZhTGEg5haSI0WwlDEGt0AoWVS8xp3zmOqNqpC5e0SWQRByb7GzVO7IdLSTCWtTbZGpM+ww==
  dependencies:
    array.dedup "*"
    get-safe-reg "*"

create-el@*:
  version "0.1.11"
  resolved "https://registry.yarnpkg.com/create-el/-/create-el-0.1.11.tgz#29511ca1dd702820f61cbfe1f02d1361d02c517e"
  integrity sha512-N398YvySkTGW68tgAE0uYC5cpAWTS9DZx4X5spKTOUzisIljmyRl+8WRd6PqcPFNXWB/1QumE1ZAIx97egyb9w==
  dependencies:
    call-func "*"
    reshow-constant "*"
    reshow-runtime "*"
    win-doc "*"

css-query-selector@*:
  version "0.3.0"
  resolved "https://registry.yarnpkg.com/css-query-selector/-/css-query-selector-0.3.0.tgz#e4befa6759aba5b7688671d079d733402df29a61"
  integrity sha512-ioON4M4jRNgFmHg4vHbQZq3sBevyw8wNYaen1SrAvSbOdJRpWME0+n/ws7MtUuHQAOrB3s8bJRQg6WveL1t1gQ==
  dependencies:
    reshow-constant "*"
    reshow-runtime "*"
    win-doc "*"

get-object-value@*:
  version "0.3.2"
  resolved "https://registry.yarnpkg.com/get-object-value/-/get-object-value-0.3.2.tgz#c1c3bd1bdd00d58a005f42dc5a6e33a47e2850e2"
  integrity sha512-ca1xzBvcF7G2BMAvKM2gBT5a57BOLnsccqvv3KkGRZ0XnUjhCsLC+Ng1JX5O1R5z96V9DM2HdRGZv7KTY77CIw==
  dependencies:
    reshow-constant "*"
    reshow-runtime "*"

get-safe-reg@*:
  version "0.3.0"
  resolved "https://registry.yarnpkg.com/get-safe-reg/-/get-safe-reg-0.3.0.tgz#e9367547b1197b43a2580311ef3bcb8a89cd7805"
  integrity sha512-s2TBI5iDT2CHaHsXIsqPx+k5ZygiQd5Mpy2vFqkNlZ/EnwCi92T+AHtEUQ7Xm+Kb1ihYtn7L8OyH8km86R2rDg==

hyphenate-style-name@*:
  version "1.0.4"
  resolved "https://registry.yarnpkg.com/hyphenate-style-name/-/hyphenate-style-name-1.0.4.tgz#691879af8e220aea5750e8827db4ef62a54e361d"
  integrity sha512-ygGZLjmXfPHj+ZWh6LwbC37l43MhfztxetbFCoYTM2VjkIUpeHgSNn7QIyVFj7YQ1Wl9Cbw5sholVJPzWvC2MQ==

keyframe-css@*:
  version "0.1.4"
  resolved "https://registry.yarnpkg.com/keyframe-css/-/keyframe-css-0.1.4.tgz#2a0d1f3236a407f72e734dd4f5ea25901d4995eb"
  integrity sha512-PTMRB1VfLAUiBU7H3OOIf1GOc6QaATnMOlJY31jCkEsK6ZJFjxHZpPOlGLcHhJQMKAscQ66KzoabZ2/4AdJoxQ==
  dependencies:
    call-func "*"
    get-object-value "*"
    react-atomic-molecule "*"
    reshow-constant "*"

need-css@*:
  version "0.0.9"
  resolved "https://registry.yarnpkg.com/need-css/-/need-css-0.0.9.tgz#36080b0d239a5e4a620e2a2f27deb6a9ae2ae20a"
  integrity sha512-EjF/RAp3NwKwiVqphVtTP1sZhdH6dobiR/v7Rv7k3L7Rz+WdExBEA5Pw+6au12lpM4nxaFUd+1FPkv0pSTRJ1A==
  dependencies:
    create-el "*"
    css-query-selector "*"
    get-object-value "*"
    win-doc "*"

react-atomic-atom@*:
  version "2.1.3"
  resolved "https://registry.yarnpkg.com/react-atomic-atom/-/react-atomic-atom-2.1.3.tgz#7b34f6c2def5311ead5a3234fb4f4831f778b70d"
  integrity sha512-0s9P93a4w00FDeAgW6MGfpaghPThaCSWogE2nGM4OIe2Ul8Mz/kLNSKv2+/3PJ6tAdqzucOXvu3sE3z9mwP4bw==
  dependencies:
    reshow-runtime "*"

react-atomic-molecule@*:
  version "3.0.5"
  resolved "https://registry.yarnpkg.com/react-atomic-molecule/-/react-atomic-molecule-3.0.5.tgz#dbd374707322df5d319c7fbfb03b7ce956284de8"
  integrity sha512-tZEFncZ1DQJcMioUEFAVaVt/AJGaXM3jKhZziR3FP+P0yXnIQvM5azY2NEeMlVL3bp5AbkBBYpn4r0JNXRKHOQ==
  dependencies:
    array.merge "*"
    call-func "*"
    class-lib "*"
    create-el "*"
    css-query-selector "*"
    get-object-value "*"
    hyphenate-style-name "*"
    need-css "*"
    react-atomic-atom "*"
    reshow-build "*"
    reshow-constant "*"
    reshow-runtime "*"
    ucfirst-js "*"
    win-doc "*"

regenerator-runtime@^0.13.4:
  version "0.13.9"
  resolved "https://registry.yarnpkg.com/regenerator-runtime/-/regenerator-runtime-0.13.9.tgz#8925742a98ffd90814988d7566ad30ca3b263b52"
  integrity sha512-p3VT+cOEgxFsRRA9X4lkI1E+k2/CtnKtU4gcxyaCUreilL/vqI6CdZ3wxVUx3UOUg+gnUOQQcRI7BmSI656MYA==

reshow-build@*:
  version "0.16.4"
  resolved "https://registry.yarnpkg.com/reshow-build/-/reshow-build-0.16.4.tgz#add8516825def7dfe8caa019a87361b56513ee2c"
  integrity sha512-xUlGLqsyTWHIBGEejSb0ykQ3kWBWwiR4T3Yiknj2wvJHfvSn2P0WK/4uFi/rhCoAVdydwAjTxOu/qTiW1bKFNA==
  dependencies:
    array.merge "*"
    reshow-constant "^0.16.0"

reshow-constant@*, reshow-constant@^0.16.0:
  version "0.16.5"
  resolved "https://registry.yarnpkg.com/reshow-constant/-/reshow-constant-0.16.5.tgz#5f972f6aa818df58f610f1dbf9a6489f20dfad10"
  integrity sha512-ZoGJfwTOJHNzP9OGdi/m3dmVIBJz/I/h/RzgFGQk0Fu3KZZ+jS1TpuYJoDGV0cWCHdXmE0r0NCv1jijwWEpS+w==

reshow-runtime@*:
  version "0.16.4"
  resolved "https://registry.yarnpkg.com/reshow-runtime/-/reshow-runtime-0.16.4.tgz#fdfc5b3fe2cac5b47742db14df428f619d692ed1"
  integrity sha512-Fov1bxswBjqVySBUec4YUNW1OG0I8pjpkj0VY4/E8RwmN+5XreXJsNbrXmiIL13BgKHxhKJGY8hyPTc1uQ88DQ==
  dependencies:
    regenerator-runtime "^0.13.4"
    reshow-constant "*"

ucfirst-js@*:
  version "0.0.0"
  resolved "https://registry.yarnpkg.com/ucfirst-js/-/ucfirst-js-0.0.0.tgz#6d5d62c1129ff8e7564151a1be269d6119e5b615"
  integrity sha512-8YSiUPTnleVp2yx1g02ocC+WCS6U/3TimRnxzeGSmp+Er8u+0qo2SvEREdul93B2BbmSE3paILzKN+inRCm39w==

win-doc@*:
  version "0.1.1"
  resolved "https://registry.yarnpkg.com/win-doc/-/win-doc-0.1.1.tgz#1dc8ed698a832c3be41e14a40062bea6bbc585f6"
  integrity sha512-XYR10OWnt0jCejIzl6T0pzW+KxTa2sxysVo9g74CG1dKccCA/hhCSRXLXoQLi8cE3hG0PSKvelWh40XmsBpSEA==
  dependencies:
    reshow-constant "*"
    reshow-runtime "*"
